
Microsoft Visual Studio Solution File, Format Version 12.00
# Visual Studio Version 16
VisualStudioVersion = 16.0.30717.126
MinimumVisualStudioVersion = 10.0.40219.1
Project("{2150E333-8FDC-42A3-9474-1A3956D46DE8}") = "KRFGateway_src", "KRFGateway_src", "{D1167C3C-A546-431C-81B7-CD235D153AD0}"
EndProject
Project("{FAE04EC0-301F-11D3-BF4B-00C04F79EFBC}") = "Domain", "KRFGateway_src\Domain\Domain.csproj", "{D7C96D5E-3DFD-4807-99AA-106B3B670960}"
EndProject
Project("{FAE04EC0-301F-11D3-BF4B-00C04F79EFBC}") = "App", "KRFGateway_src\App\App.csproj", "{4136A58A-1581-4429-A6C0-D4054F3442D0}"
EndProject
Project("{FAE04EC0-301F-11D3-BF4B-00C04F79EFBC}") = "WebApi", "KRFGateway_src\WebApi\WebApi.csproj", "{D011592C-D136-41D0-ADEF-7D9C34931D0B}"
EndProject
Project("{2150E333-8FDC-42A3-9474-1A3956D46DE8}") = "KRFGateway_Tests", "KRFGateway_Tests", "{9F272134-A231-4780-8E62-ADADBF9782AB}"
EndProject
Project("{FAE04EC0-301F-11D3-BF4B-00C04F79EFBC}") = "UnitTest", "KRFGateway_Tests\UnitTest\UnitTest.csproj", "{16DE9AF0-1754-4277-BDF5-6135B2591DE4}"
EndProject
Global
	GlobalSection(SolutionConfigurationPlatforms) = preSolution
		Debug|Any CPU = Debug|Any CPU
		Release|Any CPU = Release|Any CPU
	EndGlobalSection
	GlobalSection(ProjectConfigurationPlatforms) = postSolution
		{D7C96D5E-3DFD-4807-99AA-106B3B670960}.Debug|Any CPU.ActiveCfg = Debug|Any CPU
		{D7C96D5E-3DFD-4807-99AA-106B3B670960}.Debug|Any CPU.Build.0 = Debug|Any CPU
		{D7C96D5E-3DFD-4807-99AA-106B3B670960}.Release|Any CPU.ActiveCfg = Release|Any CPU
		{D7C96D5E-3DFD-4807-99AA-106B3B670960}.Release|Any CPU.Build.0 = Release|Any CPU
		{4136A58A-1581-4429-A6C0-D4054F3442D0}.Debug|Any CPU.ActiveCfg = Debug|Any CPU
		{4136A58A-1581-4429-A6C0-D4054F3442D0}.Debug|Any CPU.Build.0 = Debug|Any CPU
		{4136A58A-1581-4429-A6C0-D4054F3442D0}.Release|Any CPU.ActiveCfg = Release|Any CPU
		{4136A58A-1581-4429-A6C0-D4054F3442D0}.Release|Any CPU.Build.0 = Release|Any CPU
		{D011592C-D136-41D0-ADEF-7D9C34931D0B}.Debug|Any CPU.ActiveCfg = Debug|Any CPU
		{D011592C-D136-41D0-ADEF-7D9C34931D0B}.Debug|Any CPU.Build.0 = Debug|Any CPU
		{D011592C-D136-41D0-ADEF-7D9C34931D0B}.Release|Any CPU.ActiveCfg = Release|Any CPU
		{D011592C-D136-41D0-ADEF-7D9C34931D0B}.Release|Any CPU.Build.0 = Release|Any CPU
		{16DE9AF0-1754-4277-BDF5-6135B2591DE4}.Debug|Any CPU.ActiveCfg = Debug|Any CPU
		{16DE9AF0-1754-4277-BDF5-6135B2591DE4}.Debug|Any CPU.Build.0 = Debug|Any CPU
		{16DE9AF0-1754-4277-BDF5-6135B2591DE4}.Release|Any CPU.ActiveCfg = Release|Any CPU
		{16DE9AF0-1754-4277-BDF5-6135B2591DE4}.Release|Any CPU.Build.0 = Release|Any CPU
	EndGlobalSection
	GlobalSection(SolutionProperties) = preSolution
		HideSolutionNode = FALSE
	EndGlobalSection
	GlobalSection(NestedProjects) = preSolution
		{D7C96D5E-3DFD-4807-99AA-106B3B670960} = {D1167C3C-A546-431C-81B7-CD235D153AD0}
		{4136A58A-1581-4429-A6C0-D4054F3442D0} = {D1167C3C-A546-431C-81B7-CD235D153AD0}
		{D011592C-D136-41D0-ADEF-7D9C34931D0B} = {D1167C3C-A546-431C-81B7-CD235D153AD0}
		{16DE9AF0-1754-4277-BDF5-6135B2591DE4} = {9F272134-A231-4780-8E62-ADADBF9782AB}
	EndGlobalSection
	GlobalSection(ExtensibilityGlobals) = postSolution
		SolutionGuid = {83BBFC0C-F8AA-482E-8422-218DD3816E47}
	EndGlobalSection
EndGlobal
